{
  "name": "cc-sessions",
  "version": "0.2.6",
  "lockfileVersion": 3,
  "requires": true,
  "packages": {
    "": {
      "name": "cc-sessions",
      "version": "0.2.6",
      "license": "MIT",
      "os": [
        "darwin",
        "linux",
        "win32"
      ],
      "dependencies": {
        "cc-sessions": "file:cc-sessions-0.2.6.tgz"
      },
      "bin": {
        "cc-sessions": "install.js",
        "cc-sessions-install": "install.js"
      },
      "engines": {
        "node": ">=14.0.0"
      }
    },
    "node_modules/cc-sessions": {
      "version": "0.2.6",
      "resolved": "file:cc-sessions-0.2.6.tgz",
      "integrity": "sha512-btjo2Dr+/o/fPcpmk01pRsJme7Wg47VOTLYs7ld9NHHyirWDJZ3gKNIyxABsw1VHJc6RqoPR7/4x+ZAhKRdZ4w==",
      "license": "MIT",
      "os": [
        "darwin",
        "linux",
        "win32"
      ],
      "bin": {
        "cc-sessions": "install.js",
        "cc-sessions-install": "install.js"
      },
      "engines": {
        "node": ">=14.0.0"
      }
    }
  }
}
